Microsoft Visual Studio Solution File, Format Version 10.00
# Visual Studio 2008
Project("{8BC9CEB8-8B4A-11D0-8D11-00A0C91BC942}") = "libex_cl", "libex_cl.vc2008.vcproj", "{43B91052-769E-4668-A83F-AC1352099DB2}"
EndProject
Global
	GlobalSection(SolutionConfigurationPlatforms) = preSolution
		DEBUG_ANSI_STATL|Win32 = DEBUG_ANSI_STATL|Win32
		DEBUG_STATL|Win32 = DEBUG_STATL|Win32
		DEBUG_VCDLL|Win32 = DEBUG_VCDLL|Win32
		RELEASE_ANSI_STATL|Win32 = RELEASE_ANSI_STATL|Win32
		RELEASE_STATL|Win32 = RELEASE_STATL|Win32
		RELEASE_VCDLL|Win32 = RELEASE_VCDLL|Win32
	EndGlobalSection
	GlobalSection(ProjectConfigurationPlatforms) = postSolution
		{43B91052-769E-4668-A83F-AC1352099DB2}.DEBUG_ANSI_STATL|Win32.ActiveCfg = DEBUG_ANSI_STATL|Win32
		{43B91052-769E-4668-A83F-AC1352099DB2}.DEBUG_ANSI_STATL|Win32.Build.0 = DEBUG_ANSI_STATL|Win32
		{43B91052-769E-4668-A83F-AC1352099DB2}.DEBUG_STATL|Win32.ActiveCfg = DEBUG_STATL|Win32
		{43B91052-769E-4668-A83F-AC1352099DB2}.DEBUG_STATL|Win32.Build.0 = DEBUG_STATL|Win32
		{43B91052-769E-4668-A83F-AC1352099DB2}.DEBUG_VCDLL|Win32.ActiveCfg = DEBUG_VCDLL|Win32
		{43B91052-769E-4668-A83F-AC1352099DB2}.DEBUG_VCDLL|Win32.Build.0 = DEBUG_VCDLL|Win32
		{43B91052-769E-4668-A83F-AC1352099DB2}.RELEASE_ANSI_STATL|Win32.ActiveCfg = RELEASE_ANSI_STATL|Win32
		{43B91052-769E-4668-A83F-AC1352099DB2}.RELEASE_ANSI_STATL|Win32.Build.0 = RELEASE_ANSI_STATL|Win32
		{43B91052-769E-4668-A83F-AC1352099DB2}.RELEASE_STATL|Win32.ActiveCfg = RELEASE_STATL|Win32
		{43B91052-769E-4668-A83F-AC1352099DB2}.RELEASE_STATL|Win32.Build.0 = RELEASE_STATL|Win32
		{43B91052-769E-4668-A83F-AC1352099DB2}.RELEASE_VCDLL|Win32.ActiveCfg = RELEASE_VCDLL|Win32
		{43B91052-769E-4668-A83F-AC1352099DB2}.RELEASE_VCDLL|Win32.Build.0 = RELEASE_VCDLL|Win32
	EndGlobalSection
	GlobalSection(SolutionProperties) = preSolution
		HideSolutionNode = FALSE
	EndGlobalSection
EndGlobal
