Microsoft Visual Studio Solution File, Format Version 12.00
# Visual Studio 14
VisualStudioVersion = 14.0.23107.0
MinimumVisualStudioVersion = 10.0.40219.1
Project("{8BC9CEB8-8B4A-11D0-8D11-00A0C91BC942}") = "libex_c_test", "libex_c_test.vc2015.vcxproj", "{56E8D160-6981-4A01-8BD6-CA21809AEAE7}"
EndProject
Global
	GlobalSection(SolutionConfigurationPlatforms) = preSolution
		DEBUG_STATL|Win32 = DEBUG_STATL|Win32
		RELEASE_STATL|Win32 = RELEASE_STATL|Win32
	EndGlobalSection
	GlobalSection(ProjectConfigurationPlatforms) = postSolution
		{56E8D160-6981-4A01-8BD6-CA21809AEAE7}.DEBUG_STATL|Win32.ActiveCfg = DEBUG_STATL|Win32
		{56E8D160-6981-4A01-8BD6-CA21809AEAE7}.DEBUG_STATL|Win32.Build.0 = DEBUG_STATL|Win32
		{56E8D160-6981-4A01-8BD6-CA21809AEAE7}.RELEASE_STATL|Win32.ActiveCfg = RELEASE_STATL|Win32
		{56E8D160-6981-4A01-8BD6-CA21809AEAE7}.RELEASE_STATL|Win32.Build.0 = RELEASE_STATL|Win32
	EndGlobalSection
	GlobalSection(SolutionProperties) = preSolution
		HideSolutionNode = FALSE
	EndGlobalSection
EndGlobal
